# This file is autogenerated, do not edit; changes may be undone by the next 'dep ensure'.


[[projects]]
  name = "github.com/Azure/azure-sdk-for-go"
  packages = [
    "services/resources/mgmt/2018-02-01/resources",
    "services/storage/mgmt/2017-06-01/storage",
    "storage",
    "version"
  ]
  revision = "4e8cbbfb1aeab140cd0fa97fd16b64ee18c3ca6a"
  version = "v19.1.0"

[[projects]]
  name = "github.com/Azure/go-autorest"
  packages = [
    "autorest",
    "autorest/adal",
    "autorest/azure",
    "autorest/azure/auth",
    "autorest/date",
    "autorest/to",
    "autorest/validation",
    "logger",
    "version"
  ]
  revision = "39013ecb48eaf6ced3f4e3e1d95515140ce6b3cf"
  version = "v10.15.2"

[[projects]]
  name = "github.com/dgrijalva/jwt-go"
  packages = ["."]
  revision = "06ea1031745cb8b3dab3f6a236daf2b0aa468b7e"
  version = "v3.2.0"

[[projects]]
  name = "github.com/dimchansky/utfbom"
  packages = ["."]
  revision = "5448fe645cb1964ba70ac8f9f2ffe975e61a536c"
  version = "v1.0.0"

[[projects]]
  branch = "master"
  name = "github.com/hashicorp/hcl"
  packages = [
    ".",
    "hcl/ast",
    "hcl/parser",
    "hcl/scanner",
    "hcl/strconv",
    "hcl/token",
    "json/parser",
    "json/scanner",
    "json/token"
  ]
  revision = "ef8a98b0bbce4a65b5aa4c368430a80ddc533168"

[[projects]]
  name = "github.com/marstr/guid"
  packages = ["."]
  revision = "8bd9a64bf37eb297b492a4101fb28e80ac0b290f"
  version = "v1.1.0"

[[projects]]
  name = "github.com/satori/go.uuid"
  packages = ["."]
  revision = "f58768cc1a7a7e77a3bd49e98cdd21419399b6a3"
  version = "v1.2.0"

[[projects]]
  name = "github.com/urfave/cli"
  packages = ["."]
  revision = "cfb38830724cc34fedffe9a2a29fb54fa9169cd1"
  version = "v1.20.0"

[[projects]]
  branch = "master"
  name = "golang.org/x/crypto"
  packages = [
    "pkcs12",
    "pkcs12/internal/rc2"
  ]
  revision = "614d502a4dac94afa3a6ce146bd1736da82514c6"

[solve-meta]
  analyzer-name = "dep"
  analyzer-version = 1
  inputs-digest = "5823559f08158490dad52c73d07df4fdab25e52c178fe0646df1141f83d89996"
  solver-name = "gps-cdcl"
  solver-version = 1
