# This file is autogenerated, do not edit; changes may be undone by the next 'dep ensure'.


[[projects]]
  name = "github.com/Azure/azure-sdk-for-go"
  packages = [
    "services/resources/mgmt/2018-02-01/resources",
    "services/storage/mgmt/2017-06-01/storage",
    "storage",
    "version"
  ]
  revision = "4650843026a7fdec254a8d9cf893693a254edd0b"
  version = "v16.2.1"

[[projects]]
  name = "github.com/Azure/go-autorest"
  packages = [
    "autorest",
    "autorest/adal",
    "autorest/azure",
    "autorest/azure/auth",
    "autorest/date",
    "autorest/to",
    "autorest/validation"
  ]
  revision = "eaa7994b2278094c904d31993d26f56324db3052"
  version = "v10.8.1"

[[projects]]
  name = "github.com/dgrijalva/jwt-go"
  packages = ["."]
  revision = "06ea1031745cb8b3dab3f6a236daf2b0aa468b7e"
  version = "v3.2.0"

[[projects]]
  branch = "master"
  name = "github.com/dimchansky/utfbom"
  packages = ["."]
  revision = "6c6132ff69f0f6c088739067407b5d32c52e1d0f"

[[projects]]
  name = "github.com/marstr/guid"
  packages = ["."]
  revision = "8bd9a64bf37eb297b492a4101fb28e80ac0b290f"
  version = "v1.1.0"

[[projects]]
  name = "github.com/satori/go.uuid"
  packages = ["."]
  revision = "f58768cc1a7a7e77a3bd49e98cdd21419399b6a3"
  version = "v1.2.0"

[[projects]]
  branch = "master"
  name = "golang.org/x/crypto"
  packages = [
    "pkcs12",
    "pkcs12/internal/rc2"
  ]
  revision = "4ec37c66abab2c7e02ae775328b2ff001c3f025a"

[solve-meta]
  analyzer-name = "dep"
  analyzer-version = 1
  inputs-digest = "bc4fb875635b5679105baf92941e5801736920f0e4b2119ba2b09747170b2447"
  solver-name = "gps-cdcl"
  solver-version = 1
