# This file is autogenerated, do not edit; changes may be undone by the next 'dep ensure'.


[[projects]]
  name = "github.com/Azure/azure-sdk-for-go"
  packages = [
    "services/storage/mgmt/2017-06-01/storage",
    "version"
  ]
  revision = "4650843026a7fdec254a8d9cf893693a254edd0b"
  version = "v16.2.1"

[[projects]]
  name = "github.com/Azure/go-autorest"
  packages = [
    "autorest",
    "autorest/adal",
    "autorest/azure",
    "autorest/azure/auth",
    "autorest/date",
    "autorest/to",
    "autorest/validation"
  ]
  revision = "eaa7994b2278094c904d31993d26f56324db3052"
  version = "v10.8.1"

[[projects]]
  name = "github.com/dgrijalva/jwt-go"
  packages = ["."]
  revision = "06ea1031745cb8b3dab3f6a236daf2b0aa468b7e"
  version = "v3.2.0"

[[projects]]
  branch = "master"
  name = "github.com/dimchansky/utfbom"
  packages = ["."]
  revision = "6c6132ff69f0f6c088739067407b5d32c52e1d0f"

[[projects]]
  branch = "master"
  name = "golang.org/x/crypto"
  packages = [
    "pkcs12",
    "pkcs12/internal/rc2"
  ]
  revision = "4ec37c66abab2c7e02ae775328b2ff001c3f025a"

[solve-meta]
  analyzer-name = "dep"
  analyzer-version = 1
  inputs-digest = "b0c5f9ce0f7e25802f697fe43fa6f0a5fa6dc714b5d678044418a13e487f6352"
  solver-name = "gps-cdcl"
  solver-version = 1
