# This file is autogenerated, do not edit; changes may be undone by the next 'dep ensure'.


[[projects]]
  branch = "master"
  name = "github.com/shurcooL/httpfs"
  packages = ["vfsutil"]
  revision = "809beceb23714880abc4a382a00c05f89d13b1cc"

[[projects]]
  branch = "master"
  name = "github.com/shurcooL/vfsgen"
  packages = ["."]
  revision = "33ae1944be3fe078a54c597f107e0867da19c713"

[solve-meta]
  analyzer-name = "dep"
  analyzer-version = 1
  inputs-digest = "af0d9bb11228f0ae698d66395f6eed480c44c764bc39b315d7961e7f6e7931d8"
  solver-name = "gps-cdcl"
  solver-version = 1
