# This file is autogenerated, do not edit; changes may be undone by the next 'dep ensure'.


[[projects]]
  name = "github.com/hashicorp/logutils"
  packages = ["."]
  revision = "a335183dfd075f638afcc820c90591ca3c97eba6"
  version = "v1.0.0"

[solve-meta]
  analyzer-name = "dep"
  analyzer-version = 1
  inputs-digest = "d81fe79a2a1afcc18379e5c3a03220b670b6fcae067d5bbf943ad2243e0c5079"
  solver-name = "gps-cdcl"
  solver-version = 1
