# This file is autogenerated, do not edit; changes may be undone by the next 'dep ensure'.


[[projects]]
  name = "github.com/Azure/azure-pipeline-go"
  packages = ["pipeline"]
  revision = "7571e8eb0876932ab505918ff7ed5107773e5ee2"
  version = "0.1.7"

[[projects]]
  name = "github.com/Azure/azure-storage-blob-go"
  packages = ["2018-03-28/azblob"]
  revision = "bb46532f68b79e9e1baca8fb19a382ef5d40ed33"
  version = "0.2.0"

[solve-meta]
  analyzer-name = "dep"
  analyzer-version = 1
  inputs-digest = "2ee4676eec167eabc61062f8068ac9cc710923fdd6e9865451658c714fa9e2a6"
  solver-name = "gps-cdcl"
  solver-version = 1
